
Microsoft Visual Studio Solution File, Format Version 12.00
# Visual Studio Version 17
VisualStudioVersion = 17.6.33815.320
MinimumVisualStudioVersion = 10.0.40219.1
Project("{FAE04EC0-301F-11D3-BF4B-00C04F79EFBC}") = "IS_LAB1", "IS_LAB1.csproj", "{105147EF-0582-4A9E-8E14-A1A1FD2E7CDD}"
EndProject
Global
	GlobalSection(SolutionConfigurationPlatforms) = preSolution
		Debug|Any CPU = Debug|Any CPU
		Release|Any CPU = Release|Any CPU
	EndGlobalSection
	GlobalSection(ProjectConfigurationPlatforms) = postSolution
		{105147EF-0582-4A9E-8E14-A1A1FD2E7CDD}.Debug|Any CPU.ActiveCfg = Debug|Any CPU
		{105147EF-0582-4A9E-8E14-A1A1FD2E7CDD}.Debug|Any CPU.Build.0 = Debug|Any CPU
		{105147EF-0582-4A9E-8E14-A1A1FD2E7CDD}.Release|Any CPU.ActiveCfg = Release|Any CPU
		{105147EF-0582-4A9E-8E14-A1A1FD2E7CDD}.Release|Any CPU.Build.0 = Release|Any CPU
	EndGlobalSection
	GlobalSection(SolutionProperties) = preSolution
		HideSolutionNode = FALSE
	EndGlobalSection
	GlobalSection(ExtensibilityGlobals) = postSolution
		SolutionGuid = {876A632B-5A79-4F89-9556-3A7159BEAA22}
	EndGlobalSection
EndGlobal
